
Microsoft Visual Studio Solution File, Format Version 12.00
# Visual Studio Version 17
VisualStudioVersion = 17.0.32126.317
MinimumVisualStudioVersion = 10.0.40219.1
Project("{FAE04EC0-301F-11D3-BF4B-00C04F79EFBC}") = "CookingInspiration", "CookingInspiration\CookingInspiration.csproj", "{3A7B2E07-615E-456C-B654-1C4A7C7BAEA9}"
EndProject
Global
	GlobalSection(SolutionConfigurationPlatforms) = preSolution
		Debug|Any CPU = Debug|Any CPU
		Release|Any CPU = Release|Any CPU
	EndGlobalSection
	GlobalSection(ProjectConfigurationPlatforms) = postSolution
		{3A7B2E07-615E-456C-B654-1C4A7C7BAEA9}.Debug|Any CPU.ActiveCfg = Debug|Any CPU
		{3A7B2E07-615E-456C-B654-1C4A7C7BAEA9}.Debug|Any CPU.Build.0 = Debug|Any CPU
		{3A7B2E07-615E-456C-B654-1C4A7C7BAEA9}.Release|Any CPU.ActiveCfg = Release|Any CPU
		{3A7B2E07-615E-456C-B654-1C4A7C7BAEA9}.Release|Any CPU.Build.0 = Release|Any CPU
	EndGlobalSection
	GlobalSection(SolutionProperties) = preSolution
		HideSolutionNode = FALSE
	EndGlobalSection
	GlobalSection(ExtensibilityGlobals) = postSolution
		SolutionGuid = {D06560E5-A771-44CD-9887-D1800BC45576}
	EndGlobalSection
EndGlobal
